
Microsoft Visual Studio Solution File, Format Version 12.00
# Visual Studio 15
VisualStudioVersion = 15.0.28010.2046
MinimumVisualStudioVersion = 10.0.40219.1
Project("{9A19103F-16F7-4668-BE54-9A1E7A4F7556}") = "PollyDemo.Api", "PollyDemo.Api\PollyDemo.Api.csproj", "{0AAA2478-BFA1-41E8-A93F-B4C403BE7168}"
EndProject
Project("{9A19103F-16F7-4668-BE54-9A1E7A4F7556}") = "PollyDemo.App", "PollyDemo.App\PollyDemo.App.csproj", "{F07FE7AF-1BC2-497F-90A2-9C0300C229A6}"
EndProject
Project("{9A19103F-16F7-4668-BE54-9A1E7A4F7556}") = "PollyDemo.Common", "PollyDemo.Common\PollyDemo.Common.csproj", "{D6311014-15C0-4F4D-A739-7CE8B0C486DE}"
EndProject
Global
	GlobalSection(SolutionConfigurationPlatforms) = preSolution
		Debug|Any CPU = Debug|Any CPU
		Release|Any CPU = Release|Any CPU
	EndGlobalSection
	GlobalSection(ProjectConfigurationPlatforms) = postSolution
		{0AAA2478-BFA1-41E8-A93F-B4C403BE7168}.Debug|Any CPU.ActiveCfg = Debug|Any CPU
		{0AAA2478-BFA1-41E8-A93F-B4C403BE7168}.Debug|Any CPU.Build.0 = Debug|Any CPU
		{0AAA2478-BFA1-41E8-A93F-B4C403BE7168}.Release|Any CPU.ActiveCfg = Release|Any CPU
		{0AAA2478-BFA1-41E8-A93F-B4C403BE7168}.Release|Any CPU.Build.0 = Release|Any CPU
		{F07FE7AF-1BC2-497F-90A2-9C0300C229A6}.Debug|Any CPU.ActiveCfg = Debug|Any CPU
		{F07FE7AF-1BC2-497F-90A2-9C0300C229A6}.Debug|Any CPU.Build.0 = Debug|Any CPU
		{F07FE7AF-1BC2-497F-90A2-9C0300C229A6}.Release|Any CPU.ActiveCfg = Release|Any CPU
		{F07FE7AF-1BC2-497F-90A2-9C0300C229A6}.Release|Any CPU.Build.0 = Release|Any CPU
		{D6311014-15C0-4F4D-A739-7CE8B0C486DE}.Debug|Any CPU.ActiveCfg = Debug|Any CPU
		{D6311014-15C0-4F4D-A739-7CE8B0C486DE}.Debug|Any CPU.Build.0 = Debug|Any CPU
		{D6311014-15C0-4F4D-A739-7CE8B0C486DE}.Release|Any CPU.ActiveCfg = Release|Any CPU
		{D6311014-15C0-4F4D-A739-7CE8B0C486DE}.Release|Any CPU.Build.0 = Release|Any CPU
	EndGlobalSection
	GlobalSection(SolutionProperties) = preSolution
		HideSolutionNode = FALSE
	EndGlobalSection
	GlobalSection(ExtensibilityGlobals) = postSolution
		SolutionGuid = {3F9F81AD-6A35-405B-B1CC-9D18ACCE8251}
	EndGlobalSection
EndGlobal
